{
    "_meta": {
        "hash": {
            "sha256": "01061bedfa56ce502375519e97a0a3834b8ceccbe22b60880d2086283dd5310e"
        },
        "pipfile-spec": 6,
        "requires": {
            "python_version": "3.8"
        },
        "sources": [
            {
                "name": "pypi",
                "url": "https://pypi.org/simple",
                "verify_ssl": true
            }
        ]
    },
    "default": {
        "bottle": {
            "hashes": [
                "sha256:3c97e1e955c11e4ad2d73a60cdf83c4f4cf7b8b73c8344fc4b72f985432605cb",
                "sha256:544023cd2cd6d382ebf9675fa0544d4d20e19d3a13b6932a812d099fb2f6cb84"
            ],
            "index": "pypi",
            "version": "==0.12.20"
        },
        "python-dotenv": {
            "hashes": [
                "sha256:0c8d1b80d1a1e91717ea7d526178e3882732420b03f08afea0406db6402e220e",
                "sha256:587825ed60b1711daea4832cf37524dfd404325b7db5e25ebe88c495c9f807a0"
            ],
            "index": "pypi",
            "version": "==0.15.0"
        },
        "pyudev": {
            "hashes": [
                "sha256:32ae3585b320a51bc283e0a04000fd8a25599edb44541e2f5034f6afee5d15cc",
                "sha256:50d94bef0669f9aabd323a2259be67e8d49b9ebab9eae27b2cf8262767f9a2ae"
            ],
            "index": "pypi",
            "markers": "sys_platform == 'linux'",
            "version": "==0.23.2"
        },
        "six": {
            "hashes": [
                "sha256:1e61c37477a1626458e36f7b1d82aa5c9b094fa4802892072e49de9c60c4c926",
                "sha256:8abb2f1d86890a2dfb989f9a77cfcfd3e47c2a354b01111771326f8aa26e0254"
            ],
            "markers": "python_version >= '2.7' and python_version not in '3.0, 3.1, 3.2, 3.3'",
            "version": "==1.16.0"
        },
        "smbus": {
            "hashes": [
                "sha256:39923448455a41c6bbe823de62b191103dd711917056362d9e4b1d2c6ec0f06d",
                "sha256:529f9effc383b6381534d1d845eaf1078bdd2d4e625c945b23cf274d5cf1c306",
                "sha256:b467235734ae5c147c4ec0eff1afb9dba189d9d3cc086ed7e0d3dbf0ae485230",
                "sha256:f96d345e0aa10053a8a4917634f1dc37ba1f656fa5cace7629b71777e90855c6"
            ],
            "index": "pypi",
            "markers": "sys_platform == 'linux'",
            "version": "==1.1.post2"
        }
    },
    "develop": {}
}
